
Microsoft Visual Studio Solution File, Format Version 12.00
# Visual Studio Version 16
VisualStudioVersion = 16.0.30717.126
MinimumVisualStudioVersion = 10.0.40219.1
Project("{6EC3EE1D-3C4E-46DD-8F32-0CC8E7565705}") = "MyFirstFSharpProject", "MyFirstFSharpProject\MyFirstFSharpProject.fsproj", "{33E7C072-A6FD-45AC-A40D-E3F51829FB1B}"
EndProject
Project("{6EC3EE1D-3C4E-46DD-8F32-0CC8E7565705}") = "Capstone1", "Capstone1\Capstone1.fsproj", "{27BDAE44-E0C9-44D9-8B49-03A6B9807865}"
EndProject
Project("{F2A71F9B-5D33-465A-A702-920D77279786}") = "TestProjectForLesson12", "TestProjectForLesson12\TestProjectForLesson12.fsproj", "{854493FF-1DEE-468A-B08B-77B7E94D40DC}"
EndProject
Project("{F2A71F9B-5D33-465A-A702-920D77279786}") = "Capstone2", "Capstone2\Capstone2.fsproj", "{A2E394B1-C510-4881-BD94-41102ED68271}"
EndProject
Global
	GlobalSection(SolutionConfigurationPlatforms) = preSolution
		Debug|Any CPU = Debug|Any CPU
		Release|Any CPU = Release|Any CPU
	EndGlobalSection
	GlobalSection(ProjectConfigurationPlatforms) = postSolution
		{33E7C072-A6FD-45AC-A40D-E3F51829FB1B}.Debug|Any CPU.ActiveCfg = Debug|Any CPU
		{33E7C072-A6FD-45AC-A40D-E3F51829FB1B}.Debug|Any CPU.Build.0 = Debug|Any CPU
		{33E7C072-A6FD-45AC-A40D-E3F51829FB1B}.Release|Any CPU.ActiveCfg = Release|Any CPU
		{33E7C072-A6FD-45AC-A40D-E3F51829FB1B}.Release|Any CPU.Build.0 = Release|Any CPU
		{27BDAE44-E0C9-44D9-8B49-03A6B9807865}.Debug|Any CPU.ActiveCfg = Debug|Any CPU
		{27BDAE44-E0C9-44D9-8B49-03A6B9807865}.Debug|Any CPU.Build.0 = Debug|Any CPU
		{27BDAE44-E0C9-44D9-8B49-03A6B9807865}.Release|Any CPU.ActiveCfg = Release|Any CPU
		{27BDAE44-E0C9-44D9-8B49-03A6B9807865}.Release|Any CPU.Build.0 = Release|Any CPU
		{854493FF-1DEE-468A-B08B-77B7E94D40DC}.Debug|Any CPU.ActiveCfg = Debug|Any CPU
		{854493FF-1DEE-468A-B08B-77B7E94D40DC}.Debug|Any CPU.Build.0 = Debug|Any CPU
		{854493FF-1DEE-468A-B08B-77B7E94D40DC}.Release|Any CPU.ActiveCfg = Release|Any CPU
		{854493FF-1DEE-468A-B08B-77B7E94D40DC}.Release|Any CPU.Build.0 = Release|Any CPU
		{A2E394B1-C510-4881-BD94-41102ED68271}.Debug|Any CPU.ActiveCfg = Debug|Any CPU
		{A2E394B1-C510-4881-BD94-41102ED68271}.Debug|Any CPU.Build.0 = Debug|Any CPU
		{A2E394B1-C510-4881-BD94-41102ED68271}.Release|Any CPU.ActiveCfg = Release|Any CPU
		{A2E394B1-C510-4881-BD94-41102ED68271}.Release|Any CPU.Build.0 = Release|Any CPU
	EndGlobalSection
	GlobalSection(SolutionProperties) = preSolution
		HideSolutionNode = FALSE
	EndGlobalSection
	GlobalSection(ExtensibilityGlobals) = postSolution
		SolutionGuid = {D893CF75-A1EB-4454-BE21-98E3F0F04ADB}
	EndGlobalSection
EndGlobal
